// !$*UTF8*$!
{
	archiveVersion = 1;
	classes = {
	};
	objectVersion = 56;
	objects = {

/* Begin PBXBuildFile section */
		CD11A9C729C3EF59003DB0FD /* Post.swift in Sources */ = {isa = PBXBuildFile; fileRef = CD11A9C629C3EF59003DB0FD /* Post.swift */; };
		CD6A592229C63C430080CD30 /* PostViewController.swift in Sources */ = {isa = PBXBuildFile; fileRef = CD6A592129C63C430080CD30 /* PostViewController.swift */; };
		CD6A592429C643300080CD30 /* PostCell.swift in Sources */ = {isa = PBXBuildFile; fileRef = CD6A592329C643300080CD30 /* PostCell.swift */; };
		CD6A592629C644EA0080CD30 /* DateFormatter+Extensions.swift in Sources */ = {isa = PBXBuildFile; fileRef = CD6A592529C644EA0080CD30 /* DateFormatter+Extensions.swift */; };
		CD6A592A29C645B00080CD30 /* Alamofire in Frameworks */ = {isa = PBXBuildFile; productRef = CD6A592929C645B00080CD30 /* Alamofire */; };
		CD6A592D29C645E70080CD30 /* AlamofireImage in Frameworks */ = {isa = PBXBuildFile; productRef = CD6A592C29C645E70080CD30 /* AlamofireImage */; };
		CDA472DD29C2CCA100A5A3AD /* AppDelegate.swift in Sources */ = {isa = PBXBuildFile; fileRef = CDA472DC29C2CCA100A5A3AD /* AppDelegate.swift */; };
		CDA472DF29C2CCA100A5A3AD /* SceneDelegate.swift in Sources */ = {isa = PBXBuildFile; fileRef = CDA472DE29C2CCA100A5A3AD /* SceneDelegate.swift */; };
		CDA472E129C2CCA200A5A3AD /* LoginViewController.swift in Sources */ = {isa = PBXBuildFile; fileRef = CDA472E029C2CCA200A5A3AD /* LoginViewController.swift */; };
		CDA472E429C2CCA200A5A3AD /* Main.storyboard in Resources */ = {isa = PBXBuildFile; fileRef = CDA472E229C2CCA200A5A3AD /* Main.storyboard */; };
		CDA472E629C2CCA300A5A3AD /* Assets.xcassets in Resources */ = {isa = PBXBuildFile; fileRef = CDA472E529C2CCA300A5A3AD /* Assets.xcassets */; };
		CDA472E929C2CCA300A5A3AD /* LaunchScreen.storyboard in Resources */ = {isa = PBXBuildFile; fileRef = CDA472E729C2CCA300A5A3AD /* LaunchScreen.storyboard */; };
		CDA472F229C2D3DC00A5A3AD /* ParseSwift in Frameworks */ = {isa = PBXBuildFile; productRef = CDA472F129C2D3DC00A5A3AD /* ParseSwift */; };
		CDA472F529C395A600A5A3AD /* ParseUser.swift in Sources */ = {isa = PBXBuildFile; fileRef = CDA472F429C395A600A5A3AD /* ParseUser.swift */; };
		CDA472F829C396A100A5A3AD /* SignUpViewController.swift in Sources */ = {isa = PBXBuildFile; fileRef = CDA472F729C396A100A5A3AD /* SignUpViewController.swift */; };
		CDA472FA29C3A0F900A5A3AD /* FeedViewController.swift in Sources */ = {isa = PBXBuildFile; fileRef = CDA472F929C3A0F900A5A3AD /* FeedViewController.swift */; };
/* End PBXBuildFile section */

/* Begin PBXFileReference section */
		CD11A9C629C3EF59003DB0FD /* Post.swift */ = {isa = PBXFileReference; lastKnownFileType = sourcecode.swift; path = Post.swift; sourceTree = "<group>"; };
		CD6A592129C63C430080CD30 /* PostViewController.swift */ = {isa = PBXFileReference; lastKnownFileType = sourcecode.swift; path = PostViewController.swift; sourceTree = "<group>"; };
		CD6A592329C643300080CD30 /* PostCell.swift */ = {isa = PBXFileReference; lastKnownFileType = sourcecode.swift; path = PostCell.swift; sourceTree = "<group>"; };
		CD6A592529C644EA0080CD30 /* DateFormatter+Extensions.swift */ = {isa = PBXFileReference; lastKnownFileType = sourcecode.swift; path = "DateFormatter+Extensions.swift"; sourceTree = "<group>"; };
		CDA472D929C2CCA100A5A3AD /* BeRealClone.app */ = {isa = PBXFileReference; explicitFileType = wrapper.application; includeInIndex = 0; path = BeRealClone.app; sourceTree = BUILT_PRODUCTS_DIR; };
		CDA472DC29C2CCA100A5A3AD /* AppDelegate.swift */ = {isa = PBXFileReference; lastKnownFileType = sourcecode.swift; path = AppDelegate.swift; sourceTree = "<group>"; };
		CDA472DE29C2CCA100A5A3AD /* SceneDelegate.swift */ = {isa = PBXFileReference; lastKnownFileType = sourcecode.swift; path = SceneDelegate.swift; sourceTree = "<group>"; };
		CDA472E029C2CCA200A5A3AD /* LoginViewController.swift */ = {isa = PBXFileReference; lastKnownFileType = sourcecode.swift; path = LoginViewController.swift; sourceTree = "<group>"; };
		CDA472E329C2CCA200A5A3AD /* Base */ = {isa = PBXFileReference; lastKnownFileType = file.storyboard; name = Base; path = Base.lproj/Main.storyboard; sourceTree = "<group>"; };
		CDA472E529C2CCA300A5A3AD /* Assets.xcassets */ = {isa = PBXFileReference; lastKnownFileType = folder.assetcatalog; path = Assets.xcassets; sourceTree = "<group>"; };
		CDA472E829C2CCA300A5A3AD /* Base */ = {isa = PBXFileReference; lastKnownFileType = file.storyboard; name = Base; path = Base.lproj/LaunchScreen.storyboard; sourceTree = "<group>"; };
		CDA472EA29C2CCA300A5A3AD /* Info.plist */ = {isa = PBXFileReference; lastKnownFileType = text.plist.xml; path = Info.plist; sourceTree = "<group>"; };
		CDA472F429C395A600A5A3AD /* ParseUser.swift */ = {isa = PBXFileReference; lastKnownFileType = sourcecode.swift; path = ParseUser.swift; sourceTree = "<group>"; };
		CDA472F729C396A100A5A3AD /* SignUpViewController.swift */ = {isa = PBXFileReference; lastKnownFileType = sourcecode.swift; path = SignUpViewController.swift; sourceTree = "<group>"; };
		CDA472F929C3A0F900A5A3AD /* FeedViewController.swift */ = {isa = PBXFileReference; lastKnownFileType = sourcecode.swift; path = FeedViewController.swift; sourceTree = "<group>"; };
/* End PBXFileReference section */

/* Begin PBXFrameworksBuildPhase section */
		CDA472D629C2CCA100A5A3AD /* Frameworks */ = {
			isa = PBXFrameworksBuildPhase;
			buildActionMask = 2147483647;
			files = (
				CDA472F229C2D3DC00A5A3AD /* ParseSwift in Frameworks */,
				CD6A592A29C645B00080CD30 /* Alamofire in Frameworks */,
				CD6A592D29C645E70080CD30 /* AlamofireImage in Frameworks */,
			);
			runOnlyForDeploymentPostprocessing = 0;
		};
/* End PBXFrameworksBuildPhase section */

/* Begin PBXGroup section */
		CD6A592729C644F20080CD30 /* Extensions */ = {
			isa = PBXGroup;
			children = (
				CD6A592529C644EA0080CD30 /* DateFormatter+Extensions.swift */,
			);
			path = Extensions;
			sourceTree = "<group>";
		};
		CDA472D029C2CCA100A5A3AD = {
			isa = PBXGroup;
			children = (
				CDA472DB29C2CCA100A5A3AD /* BeRealClone */,
				CDA472DA29C2CCA100A5A3AD /* Products */,
			);
			sourceTree = "<group>";
		};
		CDA472DA29C2CCA100A5A3AD /* Products */ = {
			isa = PBXGroup;
			children = (
				CDA472D929C2CCA100A5A3AD /* BeRealClone.app */,
			);
			name = Products;
			sourceTree = "<group>";
		};
		CDA472DB29C2CCA100A5A3AD /* BeRealClone */ = {
			isa = PBXGroup;
			children = (
				CDA472DC29C2CCA100A5A3AD /* AppDelegate.swift */,
				CDA472DE29C2CCA100A5A3AD /* SceneDelegate.swift */,
				CDA472F629C3965900A5A3AD /* Login-Signup */,
				CDA472F329C3959300A5A3AD /* Models */,
				CDA472FB29C3A10100A5A3AD /* Feed-NewPost */,
				CD6A592729C644F20080CD30 /* Extensions */,
				CDA472E229C2CCA200A5A3AD /* Main.storyboard */,
				CDA472E529C2CCA300A5A3AD /* Assets.xcassets */,
				CDA472E729C2CCA300A5A3AD /* LaunchScreen.storyboard */,
				CDA472EA29C2CCA300A5A3AD /* Info.plist */,
			);
			path = BeRealClone;
			sourceTree = "<group>";
		};
		CDA472F329C3959300A5A3AD /* Models */ = {
			isa = PBXGroup;
			children = (
				CDA472F429C395A600A5A3AD /* ParseUser.swift */,
				CD11A9C629C3EF59003DB0FD /* Post.swift */,
			);
			path = Models;
			sourceTree = "<group>";
		};
		CDA472F629C3965900A5A3AD /* Login-Signup */ = {
			isa = PBXGroup;
			children = (
				CDA472E029C2CCA200A5A3AD /* LoginViewController.swift */,
				CDA472F729C396A100A5A3AD /* SignUpViewController.swift */,
			);
			path = "Login-Signup";
			sourceTree = "<group>";
		};
		CDA472FB29C3A10100A5A3AD /* Feed-NewPost */ = {
			isa = PBXGroup;
			children = (
				CDA472F929C3A0F900A5A3AD /* FeedViewController.swift */,
				CD6A592129C63C430080CD30 /* PostViewController.swift */,
				CD6A592329C643300080CD30 /* PostCell.swift */,
			);
			path = "Feed-NewPost";
			sourceTree = "<group>";
		};
/* End PBXGroup section */

/* Begin PBXNativeTarget section */
		CDA472D829C2CCA100A5A3AD /* BeRealClone */ = {
			isa = PBXNativeTarget;
			buildConfigurationList = CDA472ED29C2CCA300A5A3AD /* Build configuration list for PBXNativeTarget "BeRealClone" */;
			buildPhases = (
				CDA472D529C2CCA100A5A3AD /* Sources */,
				CDA472D629C2CCA100A5A3AD /* Frameworks */,
				CDA472D729C2CCA100A5A3AD /* Resources */,
			);
			buildRules = (
			);
			dependencies = (
			);
			name = BeRealClone;
			packageProductDependencies = (
				CDA472F129C2D3DC00A5A3AD /* ParseSwift */,
				CD6A592929C645B00080CD30 /* Alamofire */,
				CD6A592C29C645E70080CD30 /* AlamofireImage */,
			);
			productName = BeRealClone;
			productReference = CDA472D929C2CCA100A5A3AD /* BeRealClone.app */;
			productType = "com.apple.product-type.application";
		};
/* End PBXNativeTarget section */

/* Begin PBXProject section */
		CDA472D129C2CCA100A5A3AD /* Project object */ = {
			isa = PBXProject;
			attributes = {
				BuildIndependentTargetsInParallel = 1;
				LastSwiftUpdateCheck = 1420;
				LastUpgradeCheck = 1420;
				TargetAttributes = {
					CDA472D829C2CCA100A5A3AD = {
						CreatedOnToolsVersion = 14.2;
					};
				};
			};
			buildConfigurationList = CDA472D429C2CCA100A5A3AD /* Build configuration list for PBXProject "BeRealClone" */;
			compatibilityVersion = "Xcode 14.0";
			developmentRegion = en;
			hasScannedForEncodings = 0;
			knownRegions = (
				en,
				Base,
			);
			mainGroup = CDA472D029C2CCA100A5A3AD;
			packageReferences = (
				CDA472F029C2D3DC00A5A3AD /* XCRemoteSwiftPackageReference "Parse-Swift" */,
				CD6A592829C645B00080CD30 /* XCRemoteSwiftPackageReference "Alamofire" */,
				CD6A592B29C645E70080CD30 /* XCRemoteSwiftPackageReference "AlamofireImage" */,
			);
			productRefGroup = CDA472DA29C2CCA100A5A3AD /* Products */;
			projectDirPath = "";
			projectRoot = "";
			targets = (
				CDA472D829C2CCA100A5A3AD /* BeRealClone */,
			);
		};
/* End PBXProject section */

/* Begin PBXResourcesBuildPhase section */
		CDA472D729C2CCA100A5A3AD /* Resources */ = {
			isa = PBXResourcesBuildPhase;
			buildActionMask = 2147483647;
			files = (
				CDA472E929C2CCA300A5A3AD /* LaunchScreen.storyboard in Resources */,
				CDA472E629C2CCA300A5A3AD /* Assets.xcassets in Resources */,
				CDA472E429C2CCA200A5A3AD /* Main.storyboard in Resources */,
			);
			runOnlyForDeploymentPostprocessing = 0;
		};
/* End PBXResourcesBuildPhase section */

/* Begin PBXSourcesBuildPhase section */
		CDA472D529C2CCA100A5A3AD /* Sources */ = {
			isa = PBXSourcesBuildPhase;
			buildActionMask = 2147483647;
			files = (
				CD6A592229C63C430080CD30 /* PostViewController.swift in Sources */,
				CDA472F529C395A600A5A3AD /* ParseUser.swift in Sources */,
				CDA472E129C2CCA200A5A3AD /* LoginViewController.swift in Sources */,
				CDA472DD29C2CCA100A5A3AD /* AppDelegate.swift in Sources */,
				CD6A592629C644EA0080CD30 /* DateFormatter+Extensions.swift in Sources */,
				CDA472DF29C2CCA100A5A3AD /* SceneDelegate.swift in Sources */,
				CD6A592429C643300080CD30 /* PostCell.swift in Sources */,
				CDA472FA29C3A0F900A5A3AD /* FeedViewController.swift in Sources */,
				CD11A9C729C3EF59003DB0FD /* Post.swift in Sources */,
				CDA472F829C396A100A5A3AD /* SignUpViewController.swift in Sources */,
			);
			runOnlyForDeploymentPostprocessing = 0;
		};
/* End PBXSourcesBuildPhase section */

/* Begin PBXVariantGroup section */
		CDA472E229C2CCA200A5A3AD /* Main.storyboard */ = {
			isa = PBXVariantGroup;
			children = (
				CDA472E329C2CCA200A5A3AD /* Base */,
			);
			name = Main.storyboard;
			sourceTree = "<group>";
		};
		CDA472E729C2CCA300A5A3AD /* LaunchScreen.storyboard */ = {
			isa = PBXVariantGroup;
			children = (
				CDA472E829C2CCA300A5A3AD /* Base */,
			);
			name = LaunchScreen.storyboard;
			sourceTree = "<group>";
		};
/* End PBXVariantGroup section */

/* Begin XCBuildConfiguration section */
		CDA472EB29C2CCA300A5A3AD /* Debug */ = {
			isa = XCBuildConfiguration;
			buildSettings = {
				ALWAYS_SEARCH_USER_PATHS = NO;
				CLANG_ANALYZER_NONNULL = YES;
				CLANG_ANALYZER_NUMBER_OBJECT_CONVERSION = YES_AGGRESSIVE;
				CLANG_CXX_LANGUAGE_STANDARD = "gnu++20";
				CLANG_ENABLE_MODULES = YES;
				CLANG_ENABLE_OBJC_ARC = YES;
				CLANG_ENABLE_OBJC_WEAK = YES;
				CLANG_WARN_BLOCK_CAPTURE_AUTORELEASING = YES;
				CLANG_WARN_BOOL_CONVERSION = YES;
				CLANG_WARN_COMMA = YES;
				CLANG_WARN_CONSTANT_CONVERSION = YES;
				CLANG_WARN_DEPRECATED_OBJC_IMPLEMENTATIONS = YES;
				CLANG_WARN_DIRECT_OBJC_ISA_USAGE = YES_ERROR;
				CLANG_WARN_DOCUMENTATION_COMMENTS = YES;
				CLANG_WARN_EMPTY_BODY = YES;
				CLANG_WARN_ENUM_CONVERSION = YES;
				CLANG_WARN_INFINITE_RECURSION = YES;
				CLANG_WARN_INT_CONVERSION = YES;
				CLANG_WARN_NON_LITERAL_NULL_CONVERSION = YES;
				CLANG_WARN_OBJC_IMPLICIT_RETAIN_SELF = YES;
				CLANG_WARN_OBJC_LITERAL_CONVERSION = YES;
				CLANG_WARN_OBJC_ROOT_CLASS = YES_ERROR;
				CLANG_WARN_QUOTED_INCLUDE_IN_FRAMEWORK_HEADER = YES;
				CLANG_WARN_RANGE_LOOP_ANALYSIS = YES;
				CLANG_WARN_STRICT_PROTOTYPES = YES;
				CLANG_WARN_SUSPICIOUS_MOVE = YES;
				CLANG_WARN_UNGUARDED_AVAILABILITY = YES_AGGRESSIVE;
				CLANG_WARN_UNREACHABLE_CODE = YES;
				CLANG_WARN__DUPLICATE_METHOD_MATCH = YES;
				COPY_PHASE_STRIP = NO;
				DEBUG_INFORMATION_FORMAT = dwarf;
				ENABLE_STRICT_OBJC_MSGSEND = YES;
				ENABLE_TESTABILITY = YES;
				GCC_C_LANGUAGE_STANDARD = gnu11;
				GCC_DYNAMIC_NO_PIC = NO;
				GCC_NO_COMMON_BLOCKS = YES;
				GCC_OPTIMIZATION_LEVEL = 0;
				GCC_PREPROCESSOR_DEFINITIONS = (
					"DEBUG=1",
					"$(inherited)",
				);
				GCC_WARN_64_TO_32_BIT_CONVERSION = YES;
				GCC_WARN_ABOUT_RETURN_TYPE = YES_ERROR;
				GCC_WARN_UNDECLARED_SELECTOR = YES;
				GCC_WARN_UNINITIALIZED_AUTOS = YES_AGGRESSIVE;
				GCC_WARN_UNUSED_FUNCTION = YES;
				GCC_WARN_UNUSED_VARIABLE = YES;
				IPHONEOS_DEPLOYMENT_TARGET = 16.2;
				MTL_ENABLE_DEBUG_INFO = INCLUDE_SOURCE;
				MTL_FAST_MATH = YES;
				ONLY_ACTIVE_ARCH = YES;
				SDKROOT = iphoneos;
				SWIFT_ACTIVE_COMPILATION_CONDITIONS = DEBUG;
				SWIFT_OPTIMIZATION_LEVEL = "-Onone";
			};
			name = Debug;
		};
		CDA472EC29C2CCA300A5A3AD /* Release */ = {
			isa = XCBuildConfiguration;
			buildSettings = {
				ALWAYS_SEARCH_USER_PATHS = NO;
				CLANG_ANALYZER_NONNULL = YES;
				CLANG_ANALYZER_NUMBER_OBJECT_CONVERSION = YES_AGGRESSIVE;
				CLANG_CXX_LANGUAGE_STANDARD = "gnu++20";
				CLANG_ENABLE_MODULES = YES;
				CLANG_ENABLE_OBJC_ARC = YES;
				CLANG_ENABLE_OBJC_WEAK = YES;
				CLANG_WARN_BLOCK_CAPTURE_AUTORELEASING = YES;
				CLANG_WARN_BOOL_CONVERSION = YES;
				CLANG_WARN_COMMA = YES;
				CLANG_WARN_CONSTANT_CONVERSION = YES;
				CLANG_WARN_DEPRECATED_OBJC_IMPLEMENTATIONS = YES;
				CLANG_WARN_DIRECT_OBJC_ISA_USAGE = YES_ERROR;
				CLANG_WARN_DOCUMENTATION_COMMENTS = YES;
				CLANG_WARN_EMPTY_BODY = YES;
				CLANG_WARN_ENUM_CONVERSION = YES;
				CLANG_WARN_INFINITE_RECURSION = YES;
				CLANG_WARN_INT_CONVERSION = YES;
				CLANG_WARN_NON_LITERAL_NULL_CONVERSION = YES;
				CLANG_WARN_OBJC_IMPLICIT_RETAIN_SELF = YES;
				CLANG_WARN_OBJC_LITERAL_CONVERSION = YES;
				CLANG_WARN_OBJC_ROOT_CLASS = YES_ERROR;
				CLANG_WARN_QUOTED_INCLUDE_IN_FRAMEWORK_HEADER = YES;
				CLANG_WARN_RANGE_LOOP_ANALYSIS = YES;
				CLANG_WARN_STRICT_PROTOTYPES = YES;
				CLANG_WARN_SUSPICIOUS_MOVE = YES;
				CLANG_WARN_UNGUARDED_AVAILABILITY = YES_AGGRESSIVE;
				CLANG_WARN_UNREACHABLE_CODE = YES;
				CLANG_WARN__DUPLICATE_METHOD_MATCH = YES;
				COPY_PHASE_STRIP = NO;
				DEBUG_INFORMATION_FORMAT = "dwarf-with-dsym";
				ENABLE_NS_ASSERTIONS = NO;
				ENABLE_STRICT_OBJC_MSGSEND = YES;
				GCC_C_LANGUAGE_STANDARD = gnu11;
				GCC_NO_COMMON_BLOCKS = YES;
				GCC_WARN_64_TO_32_BIT_CONVERSION = YES;
				GCC_WARN_ABOUT_RETURN_TYPE = YES_ERROR;
				GCC_WARN_UNDECLARED_SELECTOR = YES;
				GCC_WARN_UNINITIALIZED_AUTOS = YES_AGGRESSIVE;
				GCC_WARN_UNUSED_FUNCTION = YES;
				GCC_WARN_UNUSED_VARIABLE = YES;
				IPHONEOS_DEPLOYMENT_TARGET = 16.2;
				MTL_ENABLE_DEBUG_INFO = NO;
				MTL_FAST_MATH = YES;
				SDKROOT = iphoneos;
				SWIFT_COMPILATION_MODE = wholemodule;
				SWIFT_OPTIMIZATION_LEVEL = "-O";
				VALIDATE_PRODUCT = YES;
			};
			name = Release;
		};
		CDA472EE29C2CCA300A5A3AD /* Debug */ = {
			isa = XCBuildConfiguration;
			buildSettings = {
				ASSETCATALOG_COMPILER_APPICON_NAME = AppIcon;
				ASSETCATALOG_COMPILER_GLOBAL_ACCENT_COLOR_NAME = AccentColor;
				CODE_SIGN_STYLE = Automatic;
				CURRENT_PROJECT_VERSION = 1;
				DEVELOPMENT_TEAM = RYNY4CYWCT;
				GENERATE_INFOPLIST_FILE = YES;
				INFOPLIST_FILE = BeRealClone/Info.plist;
				INFOPLIST_KEY_UIApplicationSupportsIndirectInputEvents = YES;
				INFOPLIST_KEY_UILaunchStoryboardName = LaunchScreen;
				INFOPLIST_KEY_UIMainStoryboardFile = Main;
				INFOPLIST_KEY_UISupportedInterfaceOrientations_iPad = "UIInterfaceOrientationPortrait UIInterfaceOrientationPortraitUpsideDown UIInterfaceOrientationLandscapeLeft UIInterfaceOrientationLandscapeRight";
				INFOPLIST_KEY_UISupportedInterfaceOrientations_iPhone = "UIInterfaceOrientationPortrait UIInterfaceOrientationLandscapeLeft UIInterfaceOrientationLandscapeRight";
				LD_RUNPATH_SEARCH_PATHS = (
					"$(inherited)",
					"@executable_path/Frameworks",
				);
				MARKETING_VERSION = 1.0;
				PRODUCT_BUNDLE_IDENTIFIER = KobePetrus.BeRealClone;
				PRODUCT_NAME = "$(TARGET_NAME)";
				SWIFT_EMIT_LOC_STRINGS = YES;
				SWIFT_VERSION = 5.0;
				TARGETED_DEVICE_FAMILY = "1,2";
			};
			name = Debug;
		};
		CDA472EF29C2CCA300A5A3AD /* Release */ = {
			isa = XCBuildConfiguration;
			buildSettings = {
				ASSETCATALOG_COMPILER_APPICON_NAME = AppIcon;
				ASSETCATALOG_COMPILER_GLOBAL_ACCENT_COLOR_NAME = AccentColor;
				CODE_SIGN_STYLE = Automatic;
				CURRENT_PROJECT_VERSION = 1;
				DEVELOPMENT_TEAM = RYNY4CYWCT;
				GENERATE_INFOPLIST_FILE = YES;
				INFOPLIST_FILE = BeRealClone/Info.plist;
				INFOPLIST_KEY_UIApplicationSupportsIndirectInputEvents = YES;
				INFOPLIST_KEY_UILaunchStoryboardName = LaunchScreen;
				INFOPLIST_KEY_UIMainStoryboardFile = Main;
				INFOPLIST_KEY_UISupportedInterfaceOrientations_iPad = "UIInterfaceOrientationPortrait UIInterfaceOrientationPortraitUpsideDown UIInterfaceOrientationLandscapeLeft UIInterfaceOrientationLandscapeRight";
				INFOPLIST_KEY_UISupportedInterfaceOrientations_iPhone = "UIInterfaceOrientationPortrait UIInterfaceOrientationLandscapeLeft UIInterfaceOrientationLandscapeRight";
				LD_RUNPATH_SEARCH_PATHS = (
					"$(inherited)",
					"@executable_path/Frameworks",
				);
				MARKETING_VERSION = 1.0;
				PRODUCT_BUNDLE_IDENTIFIER = KobePetrus.BeRealClone;
				PRODUCT_NAME = "$(TARGET_NAME)";
				SWIFT_EMIT_LOC_STRINGS = YES;
				SWIFT_VERSION = 5.0;
				TARGETED_DEVICE_FAMILY = "1,2";
			};
			name = Release;
		};
/* End XCBuildConfiguration section */

/* Begin XCConfigurationList section */
		CDA472D429C2CCA100A5A3AD /* Build configuration list for PBXProject "BeRealClone" */ = {
			isa = XCConfigurationList;
			buildConfigurations = (
				CDA472EB29C2CCA300A5A3AD /* Debug */,
				CDA472EC29C2CCA300A5A3AD /* Release */,
			);
			defaultConfigurationIsVisible = 0;
			defaultConfigurationName = Release;
		};
		CDA472ED29C2CCA300A5A3AD /* Build configuration list for PBXNativeTarget "BeRealClone" */ = {
			isa = XCConfigurationList;
			buildConfigurations = (
				CDA472EE29C2CCA300A5A3AD /* Debug */,
				CDA472EF29C2CCA300A5A3AD /* Release */,
			);
			defaultConfigurationIsVisible = 0;
			defaultConfigurationName = Release;
		};
/* End XCConfigurationList section */

/* Begin XCRemoteSwiftPackageReference section */
		CD6A592829C645B00080CD30 /* XCRemoteSwiftPackageReference "Alamofire" */ = {
			isa = XCRemoteSwiftPackageReference;
			repositoryURL = "https://github.com/Alamofire/Alamofire";
			requirement = {
				kind = upToNextMajorVersion;
				minimumVersion = 5.0.0;
			};
		};
		CD6A592B29C645E70080CD30 /* XCRemoteSwiftPackageReference "AlamofireImage" */ = {
			isa = XCRemoteSwiftPackageReference;
			repositoryURL = "https://github.com/Alamofire/AlamofireImage";
			requirement = {
				kind = upToNextMajorVersion;
				minimumVersion = 4.0.0;
			};
		};
		CDA472F029C2D3DC00A5A3AD /* XCRemoteSwiftPackageReference "Parse-Swift" */ = {
			isa = XCRemoteSwiftPackageReference;
			repositoryURL = "https://github.com/parse-community/Parse-Swift";
			requirement = {
				kind = upToNextMajorVersion;
				minimumVersion = 4.0.0;
			};
		};
/* End XCRemoteSwiftPackageReference section */

/* Begin XCSwiftPackageProductDependency section */
		CD6A592929C645B00080CD30 /* Alamofire */ = {
			isa = XCSwiftPackageProductDependency;
			package = CD6A592829C645B00080CD30 /* XCRemoteSwiftPackageReference "Alamofire" */;
			productName = Alamofire;
		};
		CD6A592C29C645E70080CD30 /* AlamofireImage */ = {
			isa = XCSwiftPackageProductDependency;
			package = CD6A592B29C645E70080CD30 /* XCRemoteSwiftPackageReference "AlamofireImage" */;
			productName = AlamofireImage;
		};
		CDA472F129C2D3DC00A5A3AD /* ParseSwift */ = {
			isa = XCSwiftPackageProductDependency;
			package = CDA472F029C2D3DC00A5A3AD /* XCRemoteSwiftPackageReference "Parse-Swift" */;
			productName = ParseSwift;
		};
/* End XCSwiftPackageProductDependency section */
	};
	rootObject = CDA472D129C2CCA100A5A3AD /* Project object */;
}
